
Microsoft Visual Studio Solution File, Format Version 12.00
# Visual Studio 14
VisualStudioVersion = 14.0.25420.1
MinimumVisualStudioVersion = 10.0.40219.1
Project("{F2A71F9B-5D33-465A-A702-920D77279786}") = "Lab 5", "Lab 5\Lab 5.fsproj", "{0FA2F6C4-9385-472E-803A-37E7D310D3E0}"
EndProject
Global
	GlobalSection(SolutionConfigurationPlatforms) = preSolution
		Debug|Any CPU = Debug|Any CPU
		Release|Any CPU = Release|Any CPU
	EndGlobalSection
	GlobalSection(ProjectConfigurationPlatforms) = postSolution
		{0FA2F6C4-9385-472E-803A-37E7D310D3E0}.Debug|Any CPU.ActiveCfg = Debug|Any CPU
		{0FA2F6C4-9385-472E-803A-37E7D310D3E0}.Debug|Any CPU.Build.0 = Debug|Any CPU
		{0FA2F6C4-9385-472E-803A-37E7D310D3E0}.Release|Any CPU.ActiveCfg = Release|Any CPU
		{0FA2F6C4-9385-472E-803A-37E7D310D3E0}.Release|Any CPU.Build.0 = Release|Any CPU
	EndGlobalSection
	GlobalSection(SolutionProperties) = preSolution
		HideSolutionNode = FALSE
	EndGlobalSection
EndGlobal
