
Microsoft Visual Studio Solution File, Format Version 12.00
# Visual Studio 2013
VisualStudioVersion = 12.0.21005.1
MinimumVisualStudioVersion = 10.0.40219.1
Project("{8BC9CEB8-8B4A-11D0-8D11-00A0C91BC942}") = "Task1", "Task1.vcxproj", "{ECBF4C4C-D8C0-48E7-A0E0-918FA6E5DD01}"
EndProject
Project("{8BC9CEB8-8B4A-11D0-8D11-00A0C91BC942}") = "Task2", "..\Task2\Task2.vcxproj", "{3E2A164A-BBFE-44C5-AFF6-A92AB04E63A2}"
EndProject
Project("{8BC9CEB8-8B4A-11D0-8D11-00A0C91BC942}") = "Task3", "..\Task3\Task3.vcxproj", "{146B77D8-7172-44C2-8FDE-504398DBD4EE}"
EndProject
Project("{8BC9CEB8-8B4A-11D0-8D11-00A0C91BC942}") = "Task4", "..\Task4\Task4.vcxproj", "{5FF19C72-2181-4295-979C-5247DDABD290}"
EndProject
Project("{8BC9CEB8-8B4A-11D0-8D11-00A0C91BC942}") = "Task5", "..\Task5\Task5.vcxproj", "{DC2DC753-EBD7-40CB-B250-92B84C25B78D}"
EndProject
Project("{8BC9CEB8-8B4A-11D0-8D11-00A0C91BC942}") = "Task6", "..\Task6\Task6.vcxproj", "{3899FC8E-B512-481F-A54D-64D7321037E8}"
EndProject
Global
	GlobalSection(SolutionConfigurationPlatforms) = preSolution
		Debug|Win32 = Debug|Win32
		Release|Win32 = Release|Win32
	EndGlobalSection
	GlobalSection(ProjectConfigurationPlatforms) = postSolution
		{ECBF4C4C-D8C0-48E7-A0E0-918FA6E5DD01}.Debug|Win32.ActiveCfg = Debug|Win32
		{ECBF4C4C-D8C0-48E7-A0E0-918FA6E5DD01}.Debug|Win32.Build.0 = Debug|Win32
		{ECBF4C4C-D8C0-48E7-A0E0-918FA6E5DD01}.Release|Win32.ActiveCfg = Release|Win32
		{ECBF4C4C-D8C0-48E7-A0E0-918FA6E5DD01}.Release|Win32.Build.0 = Release|Win32
		{3E2A164A-BBFE-44C5-AFF6-A92AB04E63A2}.Debug|Win32.ActiveCfg = Debug|Win32
		{3E2A164A-BBFE-44C5-AFF6-A92AB04E63A2}.Debug|Win32.Build.0 = Debug|Win32
		{3E2A164A-BBFE-44C5-AFF6-A92AB04E63A2}.Release|Win32.ActiveCfg = Release|Win32
		{3E2A164A-BBFE-44C5-AFF6-A92AB04E63A2}.Release|Win32.Build.0 = Release|Win32
		{146B77D8-7172-44C2-8FDE-504398DBD4EE}.Debug|Win32.ActiveCfg = Debug|Win32
		{146B77D8-7172-44C2-8FDE-504398DBD4EE}.Debug|Win32.Build.0 = Debug|Win32
		{146B77D8-7172-44C2-8FDE-504398DBD4EE}.Release|Win32.ActiveCfg = Release|Win32
		{146B77D8-7172-44C2-8FDE-504398DBD4EE}.Release|Win32.Build.0 = Release|Win32
		{5FF19C72-2181-4295-979C-5247DDABD290}.Debug|Win32.ActiveCfg = Debug|Win32
		{5FF19C72-2181-4295-979C-5247DDABD290}.Debug|Win32.Build.0 = Debug|Win32
		{5FF19C72-2181-4295-979C-5247DDABD290}.Release|Win32.ActiveCfg = Release|Win32
		{5FF19C72-2181-4295-979C-5247DDABD290}.Release|Win32.Build.0 = Release|Win32
		{DC2DC753-EBD7-40CB-B250-92B84C25B78D}.Debug|Win32.ActiveCfg = Debug|Win32
		{DC2DC753-EBD7-40CB-B250-92B84C25B78D}.Debug|Win32.Build.0 = Debug|Win32
		{DC2DC753-EBD7-40CB-B250-92B84C25B78D}.Release|Win32.ActiveCfg = Release|Win32
		{DC2DC753-EBD7-40CB-B250-92B84C25B78D}.Release|Win32.Build.0 = Release|Win32
		{3899FC8E-B512-481F-A54D-64D7321037E8}.Debug|Win32.ActiveCfg = Debug|Win32
		{3899FC8E-B512-481F-A54D-64D7321037E8}.Debug|Win32.Build.0 = Debug|Win32
		{3899FC8E-B512-481F-A54D-64D7321037E8}.Release|Win32.ActiveCfg = Release|Win32
		{3899FC8E-B512-481F-A54D-64D7321037E8}.Release|Win32.Build.0 = Release|Win32
	EndGlobalSection
	GlobalSection(SolutionProperties) = preSolution
		HideSolutionNode = FALSE
	EndGlobalSection
EndGlobal
